
Microsoft Visual Studio Solution File, Format Version 12.00
# Visual Studio Version 17
VisualStudioVersion = 17.0.31919.166
MinimumVisualStudioVersion = 10.0.40219.1
Project("{FAE04EC0-301F-11D3-BF4B-00C04F79EFBC}") = "Number Guessing Game", "Number Guessing Game.csproj", "{54380479-9B24-4DF2-BEC0-E0DDDB5E8E16}"
EndProject
Global
	GlobalSection(SolutionConfigurationPlatforms) = preSolution
		Debug|Any CPU = Debug|Any CPU
		Release|Any CPU = Release|Any CPU
	EndGlobalSection
	GlobalSection(ProjectConfigurationPlatforms) = postSolution
		{54380479-9B24-4DF2-BEC0-E0DDDB5E8E16}.Debug|Any CPU.ActiveCfg = Debug|Any CPU
		{54380479-9B24-4DF2-BEC0-E0DDDB5E8E16}.Debug|Any CPU.Build.0 = Debug|Any CPU
		{54380479-9B24-4DF2-BEC0-E0DDDB5E8E16}.Release|Any CPU.ActiveCfg = Release|Any CPU
		{54380479-9B24-4DF2-BEC0-E0DDDB5E8E16}.Release|Any CPU.Build.0 = Release|Any CPU
	EndGlobalSection
	GlobalSection(SolutionProperties) = preSolution
		HideSolutionNode = FALSE
	EndGlobalSection
	GlobalSection(ExtensibilityGlobals) = postSolution
		SolutionGuid = {B751E749-36A5-4636-9858-627A75768AA3}
	EndGlobalSection
EndGlobal
